
Microsoft Visual Studio Solution File, Format Version 12.00
# Visual Studio 14
VisualStudioVersion = 14.0.23107.0
MinimumVisualStudioVersion = 10.0.40219.1
Project("{E24C65DC-7377-472B-9ABA-BC803B73C61A}") = "Assignment11Repo", ".", "{CFAB2CAA-B740-4C8C-8571-E752A935E9AB}"
	ProjectSection(WebsiteProperties) = preProject
		TargetFrameworkMoniker = ".NETFramework,Version%3Dv4.0"
		Debug.AspNetCompiler.VirtualPath = "/localhost_17670"
		Debug.AspNetCompiler.PhysicalPath = "..\Assignment11Repo\"
		Debug.AspNetCompiler.TargetPath = "PrecompiledWeb\localhost_17670\"
		Debug.AspNetCompiler.Updateable = "true"
		Debug.AspNetCompiler.ForceOverwrite = "true"
		Debug.AspNetCompiler.FixedNames = "false"
		Debug.AspNetCompiler.Debug = "True"
		Release.AspNetCompiler.VirtualPath = "/localhost_17670"
		Release.AspNetCompiler.PhysicalPath = "..\Assignment11Repo\"
		Release.AspNetCompiler.TargetPath = "PrecompiledWeb\localhost_17670\"
		Release.AspNetCompiler.Updateable = "true"
		Release.AspNetCompiler.ForceOverwrite = "true"
		Release.AspNetCompiler.FixedNames = "false"
		Release.AspNetCompiler.Debug = "False"
		VWDPort = "17670"
		SlnRelativePath = "..\Assignment11Repo\"
	EndProjectSection
EndProject
Global
	GlobalSection(SolutionConfigurationPlatforms) = preSolution
		Debug|Any CPU = Debug|Any CPU
	EndGlobalSection
	GlobalSection(ProjectConfigurationPlatforms) = postSolution
		{CFAB2CAA-B740-4C8C-8571-E752A935E9AB}.Debug|Any CPU.ActiveCfg = Debug|Any CPU
		{CFAB2CAA-B740-4C8C-8571-E752A935E9AB}.Debug|Any CPU.Build.0 = Debug|Any CPU
	EndGlobalSection
	GlobalSection(SolutionProperties) = preSolution
		HideSolutionNode = FALSE
	EndGlobalSection
EndGlobal
